
Microsoft Visual Studio Solution File, Format Version 12.00
# Visual Studio Version 17
VisualStudioVersion = 17.10.34916.146
MinimumVisualStudioVersion = 10.0.40219.1
Project("{9A19103F-16F7-4668-BE54-9A1E7A4F7556}") = "MVCDemo_Jenkins", "MVCDemo_Jenkins\MVCDemo_Jenkins.csproj", "{489A4CB7-DD1B-4675-A725-240AB3145CF4}"
EndProject
Global
	GlobalSection(SolutionConfigurationPlatforms) = preSolution
		Debug|Any CPU = Debug|Any CPU
		Release|Any CPU = Release|Any CPU
	EndGlobalSection
	GlobalSection(ProjectConfigurationPlatforms) = postSolution
		{489A4CB7-DD1B-4675-A725-240AB3145CF4}.Debug|Any CPU.ActiveCfg = Debug|Any CPU
		{489A4CB7-DD1B-4675-A725-240AB3145CF4}.Debug|Any CPU.Build.0 = Debug|Any CPU
		{489A4CB7-DD1B-4675-A725-240AB3145CF4}.Release|Any CPU.ActiveCfg = Release|Any CPU
		{489A4CB7-DD1B-4675-A725-240AB3145CF4}.Release|Any CPU.Build.0 = Release|Any CPU
	EndGlobalSection
	GlobalSection(SolutionProperties) = preSolution
		HideSolutionNode = FALSE
	EndGlobalSection
	GlobalSection(ExtensibilityGlobals) = postSolution
		SolutionGuid = {A1BE3200-8732-407B-81E9-D834255C4434}
	EndGlobalSection
EndGlobal
